# This file is autogenerated, do not edit; changes may be undone by the next 'dep ensure'.


[[projects]]
  digest = "1:dc2ba13235a4c8f80a40599575a3f10acb4736cb372f1a68b88333c06564471d"
  name = "github.com/agext/levenshtein"
  packages = ["."]
  pruneopts = "UT"
  revision = "5f10fee965225ac1eecdc234c09daf5cd9e7f7b6"
  version = "v1.2.1"

[[projects]]
  digest = "1:2bf7da77216264bb61bd8cb5f3380a03ab509e8a826fe359008d4a6ba0789b13"
  name = "github.com/apparentlymart/go-textseg"
  packages = ["textseg"]
  pruneopts = "UT"
  revision = "fb01f485ebef760e5ee06d55e1b07534dda2d295"
  version = "v1.0.0"

[[projects]]
  digest = "1:8e18047715934056ed06c61d4d512ffd80787671d95bb1808cebb56adac56d34"
  name = "github.com/clbanning/mxj"
  packages = ["."]
  pruneopts = "UT"
  revision = "79cfe7d36986ce108bd1e2c1d0a2a85c895237a2"
  version = "v1.8.3"

[[projects]]
  digest = "1:2e3c336fc7fde5c984d2841455a658a6d626450b1754a854b3b32e7a8f49a07a"
  name = "github.com/google/go-cmp"
  packages = [
    "cmp",
    "cmp/internal/diff",
    "cmp/internal/function",
    "cmp/internal/value",
  ]
  pruneopts = "UT"
  revision = "3af367b6b30c263d47e8895973edcca9a49cf029"
  version = "v0.2.0"

[[projects]]
  branch = "master"
  digest = "1:04c6b170a6bb6b341522c2b95d0908534196fe825eee01e0205bf041d8bf3086"
  name = "github.com/hashicorp/hcl2"
  packages = [
    "gohcl",
    "hcl",
    "hcl/hclsyntax",
    "hcl/json",
    "hclparse",
    "hclwrite",
  ]
  pruneopts = "UT"
  revision = "0467c0c38ca2d4197a5180c45fc29baf80dad0a0"

[[projects]]
  digest = "1:abf08734a6527df70ed361d7c369fb580e6840d8f7a6012e5f609fdfd93b4e48"
  name = "github.com/mitchellh/go-wordwrap"
  packages = ["."]
  pruneopts = "UT"
  revision = "9e67c67572bc5dd02aef930e2b0ae3c02a4b5a5c"
  version = "v1.0.0"

[[projects]]
  branch = "master"
  digest = "1:2200beec8adceafc46e8fe4c5c6fd922dd0858fc81e29edafa088dc1cdcde639"
  name = "github.com/t94j0/array"
  packages = ["."]
  pruneopts = "UT"
  revision = "68930562a6bd96944103bb7ab828e128304a0a1f"

[[projects]]
  branch = "master"
  digest = "1:ef91fa5d38a6397faf0885d9aef6ffec6d9cffabc60d676980549e3e096c1026"
  name = "github.com/t94j0/nmap"
  packages = ["."]
  pruneopts = "UT"
  revision = "17cccc8c97395c96a060c8ea0d272df4c1af2870"

[[projects]]
  branch = "master"
  digest = "1:e77fdd77613344e716e0ce6c7cc28d8f6ebf02d938fad00db4b5fa73cb3589fb"
  name = "github.com/zclconf/go-cty"
  packages = [
    "cty",
    "cty/convert",
    "cty/function",
    "cty/function/stdlib",
    "cty/gocty",
    "cty/json",
    "cty/set",
  ]
  pruneopts = "UT"
  revision = "01c5aba823a6c91fe3bc287fd6e493ca717a64b8"

[[projects]]
  digest = "1:8029e9743749d4be5bc9f7d42ea1659471767860f0cdc34d37c3111bd308a295"
  name = "golang.org/x/text"
  packages = [
    "internal/gen",
    "internal/triegen",
    "internal/ucd",
    "transform",
    "unicode/cldr",
    "unicode/norm",
  ]
  pruneopts = "UT"
  revision = "f21a4dfb5e38f5895301dc265a8def02365cc3d0"
  version = "v0.3.0"

[[projects]]
  branch = "master"
  digest = "1:47e8e6401fa14a015cabc7e8835b048e76c37b7e067579b97a1c4a22d9130a80"
  name = "gonum.org/v1/gonum"
  packages = [
    "blas",
    "blas/blas64",
    "blas/gonum",
    "floats",
    "graph",
    "graph/internal/linear",
    "graph/internal/ordered",
    "graph/internal/set",
    "graph/internal/uid",
    "graph/iterator",
    "graph/simple",
    "graph/topo",
    "graph/traverse",
    "internal/asm/c128",
    "internal/asm/f32",
    "internal/asm/f64",
    "internal/math32",
    "lapack",
    "lapack/gonum",
    "lapack/lapack64",
    "mat",
  ]
  pruneopts = "UT"
  revision = "b3c4e4046788c4b2dde144872ee7181dea36bd10"

[solve-meta]
  analyzer-name = "dep"
  analyzer-version = 1
  input-imports = [
    "github.com/clbanning/mxj",
    "github.com/hashicorp/hcl2/gohcl",
    "github.com/hashicorp/hcl2/hcl",
    "github.com/hashicorp/hcl2/hclparse",
    "github.com/t94j0/nmap",
    "github.com/zclconf/go-cty/cty",
    "github.com/zclconf/go-cty/cty/gocty",
    "github.com/zclconf/go-cty/cty/json",
    "gonum.org/v1/gonum/graph",
    "gonum.org/v1/gonum/graph/simple",
    "gonum.org/v1/gonum/graph/topo",
  ]
  solver-name = "gps-cdcl"
  solver-version = 1
